
Microsoft Visual Studio Solution File, Format Version 12.00
# Visual Studio Version 16
VisualStudioVersion = 16.0.30717.126
MinimumVisualStudioVersion = 10.0.40219.1
Project("{FAE04EC0-301F-11D3-BF4B-00C04F79EFBC}") = "CreateCpf.Core", "CreateCpf.Core\CreateCpf.Core.csproj", "{23D8A9D0-9085-41DD-B594-3F4E63C4034E}"
EndProject
Project("{FAE04EC0-301F-11D3-BF4B-00C04F79EFBC}") = "CreateCpf.Teste", "CreateCpf.Teste\CreateCpf.Teste.csproj", "{A9D2CFAC-8E24-4725-B026-024C1E9D8776}"
EndProject
Global
	GlobalSection(SolutionConfigurationPlatforms) = preSolution
		Debug|Any CPU = Debug|Any CPU
		Release|Any CPU = Release|Any CPU
	EndGlobalSection
	GlobalSection(ProjectConfigurationPlatforms) = postSolution
		{23D8A9D0-9085-41DD-B594-3F4E63C4034E}.Debug|Any CPU.ActiveCfg = Debug|Any CPU
		{23D8A9D0-9085-41DD-B594-3F4E63C4034E}.Debug|Any CPU.Build.0 = Debug|Any CPU
		{23D8A9D0-9085-41DD-B594-3F4E63C4034E}.Release|Any CPU.ActiveCfg = Release|Any CPU
		{23D8A9D0-9085-41DD-B594-3F4E63C4034E}.Release|Any CPU.Build.0 = Release|Any CPU
		{A9D2CFAC-8E24-4725-B026-024C1E9D8776}.Debug|Any CPU.ActiveCfg = Debug|Any CPU
		{A9D2CFAC-8E24-4725-B026-024C1E9D8776}.Debug|Any CPU.Build.0 = Debug|Any CPU
		{A9D2CFAC-8E24-4725-B026-024C1E9D8776}.Release|Any CPU.ActiveCfg = Release|Any CPU
		{A9D2CFAC-8E24-4725-B026-024C1E9D8776}.Release|Any CPU.Build.0 = Release|Any CPU
	EndGlobalSection
	GlobalSection(SolutionProperties) = preSolution
		HideSolutionNode = FALSE
	EndGlobalSection
	GlobalSection(ExtensibilityGlobals) = postSolution
		SolutionGuid = {60051BE7-8E04-4FC1-A897-82B9087F9EF5}
	EndGlobalSection
EndGlobal
